lockfileVersion: 5.3

specifiers:
  '@cloudflare/kv-asset-handler': ^0.2.0
  '@cloudflare/workers-types': ^3.7.1
  '@download/blockies': github:qwtel/blockies
  '@miniflare/html-rewriter': ^2.4.0
  '@qwtel/p-queue-browser': ^6.6.2
  '@types/html-escaper': ^3.0.0
  '@types/node': ^17.0.29
  '@worker-tools/cloudflare-kv-storage': ^0.8.0
  '@worker-tools/deno-fetch-event-adapter': ^1.0.5
  '@worker-tools/deno-kv-storage': ^0.4.4
  '@worker-tools/encrypted-cookie-store': ^0.2.1
  '@worker-tools/html': ^2.0.0-pre.8
  '@worker-tools/json-fetch': 2.1.0-pre.3
  '@worker-tools/location-polyfill': ^0.4.0
  '@worker-tools/middleware': ^0.1.0-pre.15
  '@worker-tools/parsed-html-rewriter': ^0.1.11
  '@worker-tools/request-cookie-store': ^0.5.0-pre.9
  '@worker-tools/resolvable-promise': ^0.2.0-pre.4
  '@worker-tools/response-creators': ^1.0.8
  '@worker-tools/router': 0.2.0-pre.6
  '@worker-tools/signed-cookie-store': ^0.3.0-pre.7
  '@worker-tools/stripe-webhook': ^1.1.4
  base64-encoding: ^0.14.3
  cookie-store-interface: ^0.1.1
  date-fns: ^2.28.0
  esbuild: ^0.14.38
  event-target-to-async-iter: ^0.2.1
  html-escaper: ^3.0.3
  html-rewriter-wasm: ^0.4.1
  kv-storage-interface: ^0.2.0
  kv-storage-polyfill: ^2.0.0
  linkedom: ^0.14.7
  miniflare: ^2.4.0
  msgpackr: ^1.5.6
  negotiated: ^1.0.2
  parse-domain: ^7.0.0
  ts-compose: ^1.0.0
  ts-functional-pipe: ^3.1.2
  ts-pipe-compose: ^0.2.1
  type-fest: ^2.12.2
  typed-array-utils: ^0.2.2
  typescript: ^4.6.3
  typeson: ^6.1.0
  typeson-registry: ^1.0.0-alpha.39
  urlpattern-polyfill: ^4.0.3
  uuid-class: ^0.12.3
  whatwg-stream-to-async-iter: 0.5.0

dependencies:
  '@cloudflare/kv-asset-handler': 0.2.0
  '@download/blockies': github.com/qwtel/blockies/e4dfe44e09b7b24f0647392b73409354680114f6
  '@miniflare/html-rewriter': 2.4.0
  '@qwtel/p-queue-browser': 6.6.2
  '@types/html-escaper': 3.0.0
  '@worker-tools/cloudflare-kv-storage': 0.8.0
  '@worker-tools/deno-fetch-event-adapter': 1.0.5
  '@worker-tools/deno-kv-storage': 0.4.4
  '@worker-tools/encrypted-cookie-store': 0.2.1
  '@worker-tools/html': 2.0.0-pre.8
  '@worker-tools/json-fetch': 2.1.0-pre.3
  '@worker-tools/location-polyfill': 0.4.0
  '@worker-tools/middleware': 0.1.0-pre.15
  '@worker-tools/parsed-html-rewriter': 0.1.11
  '@worker-tools/request-cookie-store': 0.5.0-pre.9
  '@worker-tools/resolvable-promise': 0.2.0-pre.4
  '@worker-tools/response-creators': 1.0.8
  '@worker-tools/router': 0.2.0-pre.6
  '@worker-tools/signed-cookie-store': 0.3.0-pre.7
  '@worker-tools/stripe-webhook': 1.1.4
  base64-encoding: 0.14.3
  cookie-store-interface: 0.1.1
  date-fns: 2.28.0
  event-target-to-async-iter: 0.2.1
  html-escaper: 3.0.3
  html-rewriter-wasm: 0.4.1
  kv-storage-interface: 0.2.0
  kv-storage-polyfill: 2.0.0
  linkedom: 0.14.7
  msgpackr: 1.5.6
  negotiated: 1.0.2
  parse-domain: 7.0.0
  ts-compose: 1.0.0
  ts-functional-pipe: 3.1.2
  ts-pipe-compose: 0.2.1
  type-fest: 2.12.2
  typed-array-utils: 0.2.2
  typeson: 6.1.0
  typeson-registry: 1.0.0-alpha.39
  urlpattern-polyfill: 4.0.3
  uuid-class: 0.12.3
  whatwg-stream-to-async-iter: 0.5.0

devDependencies:
  '@cloudflare/workers-types': 3.7.1
  '@types/node': 17.0.29
  esbuild: 0.14.38
  miniflare: 2.4.0
  typescript: 4.6.3

packages:

  /@cloudflare/kv-asset-handler/0.2.0:
    resolution: {integrity: sha512-MVbXLbTcAotOPUj0pAMhVtJ+3/kFkwJqc5qNOleOZTv6QkZZABDMS21dSrSlVswEHwrpWC03e4fWytjqKvuE2A==}
    dependencies:
      mime: 3.0.0
    dev: false

  /@cloudflare/workers-types/2.2.2:
    resolution: {integrity: sha512-kaMn2rueJ0PL1TYVGknTCh0X0x0d9G+FNXAFep7/4uqecEZoQb/63o6rOmMuiqI09zLuHV6xhKRXinokV/MY9A==}
    dev: false

  /@cloudflare/workers-types/3.7.1:
    resolution: {integrity: sha512-GJU304vzbKI9SvEsdBp/ObYClWe+7Fc0vyKPNia1VWi9Cj2WVsRaH2tXaQPMgAhjsFrQLhI3lBAkMhFPhBVliQ==}
    dev: true

  /@iarna/toml/2.2.5:
    resolution: {integrity: sha512-trnsAYxU3xnS1gPHPyU961coFyLkh4gAD/0zQ5mymY4yOZ+CYvsPqUbOFSw0aDM4y0tV7tiFxL/1XfXPNC6IPg==}

  /@miniflare/cache/2.4.0:
    resolution: {integrity: sha512-tMDXlUVlThgFubJmlxZoKmLK8kBxDmuMbVMt7csHpXegzkuo2TmIsDqBE/C3CRiJ5xeCQgpD6iZtKBu5Zn5fRA==}
    engines: {node: '>=16.7'}
    dependencies:
      '@miniflare/core': 2.4.0
      '@miniflare/shared': 2.4.0
      http-cache-semantics: 4.1.0
      undici: 4.13.0
    dev: true

  /@miniflare/cli-parser/2.4.0:
    resolution: {integrity: sha512-Xr5lO8f+oIr9r/b2dfo0on1p0MNN+pkwRHWoY5ACSnp9FaGnwm/g71DM7AajIQPIk0TpRsSVNDx8Ygj1LPT+sQ==}
    engines: {node: '>=16.7'}
    dependencies:
      '@miniflare/shared': 2.4.0
      kleur: 4.1.4
    dev: true

  /@miniflare/core/2.4.0:
    resolution: {integrity: sha512-vYl8xaWTFzxtkbzx3IkT4Py0OAFdfmFnVo627O1HKHWVGlkjVr8UKtxBpIR+f5pq/HCMzzqA1HM9FXO0dQfy3A==}
    engines: {node: '>=16.7'}
    dependencies:
      '@iarna/toml': 2.2.5
      '@miniflare/shared': 2.4.0
      '@miniflare/watcher': 2.4.0
      busboy: 0.3.1
      dotenv: 10.0.0
      kleur: 4.1.4
      set-cookie-parser: 2.4.8
      undici: 4.13.0

  /@miniflare/durable-objects/2.4.0:
    resolution: {integrity: sha512-VVLaUXXcAQcYE/3YmDLTacZf5OzR8bib6q1T9NqVb0uK5sLMQqyHvQdsG5rMqs7iyxfJxyZ0bL2OW9XGALOkoQ==}
    engines: {node: '>=16.7'}
    dependencies:
      '@miniflare/core': 2.4.0
      '@miniflare/shared': 2.4.0
      '@miniflare/storage-memory': 2.4.0
      undici: 4.13.0
    dev: true

  /@miniflare/html-rewriter/2.4.0:
    resolution: {integrity: sha512-ZG8819N7LelDD+8+Ss5FZpVyQQq/V2igod0qE68JK4he/w4/yn57Rk6Efb49y15HoHAXl2RpCCsnCyIow/Xjug==}
    engines: {node: '>=16.7'}
    dependencies:
      '@miniflare/core': 2.4.0
      '@miniflare/shared': 2.4.0
      html-rewriter-wasm: 0.4.1
      undici: 4.13.0

  /@miniflare/http-server/2.4.0:
    resolution: {integrity: sha512-r6Z/nqxE0oa1z63L95yvnG0PUeLRxZOeGS7ADxZMFKan4WD5lvYtSKDuDEm0lkbQshCOHQ3uXFr0cotOm8JoMQ==}
    engines: {node: '>=16.7'}
    dependencies:
      '@miniflare/core': 2.4.0
      '@miniflare/shared': 2.4.0
      '@miniflare/web-sockets': 2.4.0
      kleur: 4.1.4
      selfsigned: 2.0.1
      undici: 4.13.0
      ws: 8.5.0
      youch: 2.2.2
    transitivePeerDependencies:
      - bufferutil
      - utf-8-validate
    dev: true

  /@miniflare/kv/2.4.0:
    resolution: {integrity: sha512-1UW7f1386xR6EDEXNZOR1TpFwQfRRSxUPqD6m/U0WprlsbM0cIYGz+AUeaVbkFf8lfE2MeXCUrjbWsLOvsnw3g==}
    engines: {node: '>=16.7'}
    dependencies:
      '@miniflare/shared': 2.4.0
    dev: true

  /@miniflare/runner-vm/2.4.0:
    resolution: {integrity: sha512-7sdwBYzXQTwYeR3tTvQ+vJfzc7BXwqR8AUPK9l5gvCtg+Geq9sMslr5SikIJpgcvbYqKDjvC9DQEPJ3sqr9cSQ==}
    engines: {node: '>=16.7'}
    dependencies:
      '@miniflare/shared': 2.4.0
    dev: true

  /@miniflare/scheduler/2.4.0:
    resolution: {integrity: sha512-dfMCXoAS8Y+3xABNxYju62I2xIBS54Op7ohCHoatvAM5RvualJUPICEMPZzX6/z29q5xPIeSLhLDhl/asAQ19w==}
    engines: {node: '>=16.7'}
    dependencies:
      '@miniflare/core': 2.4.0
      '@miniflare/shared': 2.4.0
      cron-schedule: 3.0.6
    dev: true

  /@miniflare/shared/2.4.0:
    resolution: {integrity: sha512-lPQFzBUVGNQ93gQ/dliToWnO0OqAgsD3/902Pd/IixVSRwRj3BTnYv2dHMUKZcODBPrhnbqZeqcPWdBLzEx8uw==}
    engines: {node: '>=16.7'}
    dependencies:
      ignore: 5.2.0
      kleur: 4.1.4

  /@miniflare/sites/2.4.0:
    resolution: {integrity: sha512-YZy/TujnR1lkBvCncDDQ8tsWsXRE4JJ4x9a0bKN/XnZh7r6OhDM0sw4BFcBQhT6Ukdtttam1O3FlJxnMitrDGg==}
    engines: {node: '>=16.7'}
    dependencies:
      '@miniflare/kv': 2.4.0
      '@miniflare/shared': 2.4.0
      '@miniflare/storage-file': 2.4.0
    dev: true

  /@miniflare/storage-file/2.4.0:
    resolution: {integrity: sha512-f1AUMz8xps/4VhNJMb8JeCevZFeU4pg2lIWmC11gG4xeq2nibTPBi6Qtx594Le7ZKij/tF6rRsoNfGau2Q5gdw==}
    engines: {node: '>=16.7'}
    dependencies:
      '@miniflare/shared': 2.4.0
      '@miniflare/storage-memory': 2.4.0
    dev: true

  /@miniflare/storage-memory/2.4.0:
    resolution: {integrity: sha512-mhWwgHhDNtEa7y1bYbdVucV0lqUmzagYXUSppAdSGS5JPyJMyw3HseqRNTk6gC/vKlvEYlFf3ugWcREGCedr9A==}
    engines: {node: '>=16.7'}
    dependencies:
      '@miniflare/shared': 2.4.0
    dev: true

  /@miniflare/watcher/2.4.0:
    resolution: {integrity: sha512-gDQRUxwOjmctvowyd4Hcdy3fjxz3ERKzirp6TvA3AWUohKZk3IhwGlaA8aCwbdP+ELYQlG5wK44AfLSGi956fg==}
    engines: {node: '>=16.7'}
    dependencies:
      '@miniflare/shared': 2.4.0

  /@miniflare/web-sockets/2.4.0:
    resolution: {integrity: sha512-cz/cN0GoQOXRLh80UmlcEJODPIw2ijKBK3PLRzvfTzqQ5avK6wp2M8Fj8C/5JIT6g7siwvBANyKXD3U3RpKGHQ==}
    engines: {node: '>=16.7'}
    dependencies:
      '@miniflare/core': 2.4.0
      '@miniflare/shared': 2.4.0
      undici: 4.13.0
      ws: 8.5.0
    transitivePeerDependencies:
      - bufferutil
      - utf-8-validate
    dev: true

  /@qwtel/p-queue-browser/6.6.2:
    resolution: {integrity: sha512-xPHhEx45cLxG2kXiTNKwYn+2PRkwy4bRxB/XJ6Ap5bLJDSiE2QYL9CMzBKi72148y270epOWDznsD8g7Jez5ug==}
    requiresBuild: true
    dependencies:
      p-timeout: 4.1.0
    dev: false

  /@types/html-escaper/3.0.0:
    resolution: {integrity: sha512-OcJcvP3Yk8mjYwf/IdXZtTE1tb/u0WF0qa29ER07ZHCYUBZXSN29Z1mBS+/96+kNMGTFUAbSz9X+pHmHpZrTCw==}
    dev: false

  /@types/node/17.0.29:
    resolution: {integrity: sha512-tx5jMmMFwx7wBwq/V7OohKDVb/JwJU5qCVkeLMh1//xycAJ/ESuw9aJ9SEtlCZDYi2pBfe4JkisSoAtbOsBNAA==}
    dev: true

  /@types/stack-trace/0.0.29:
    resolution: {integrity: sha512-TgfOX+mGY/NyNxJLIbDWrO9DjGoVSW9+aB8H2yy1fy32jsvxijhmyJI9fDFgvz3YP4lvJaq9DzdR/M1bOgVc9g==}
    dev: true

  /@worker-tools/cloudflare-kv-storage/0.8.0:
    resolution: {integrity: sha512-fIwkOH3wOCGR7wVL96MWyxqSrP0dU8P/gELKpXDkOZQ6rMoeoHrFQVW19TFX8GfWBoZIZDYr42vF9JyuXvsfbg==}
    dependencies:
      '@cloudflare/workers-types': 2.2.2
      idb-key-to-string: 0.2.0
      kv-storage-interface: 0.2.0
      msgpackr: 1.5.6
      typeson: 5.18.2
      typeson-registry: 1.0.0-alpha.39
    transitivePeerDependencies:
      - core-js-bundle
      - regenerator-runtime
    dev: false

  /@worker-tools/deno-fetch-event-adapter/1.0.5:
    resolution: {integrity: sha512-gvJW4ykxFg1hHqzY9Ce/1GsbghtXGTfTTBH0yjyvXbrD9WFLtmVkHm4uE/2pP1mG6UggvsnOYkimPEsAwGoILw==}
    dev: false

  /@worker-tools/deno-kv-storage/0.4.4:
    resolution: {integrity: sha512-Zpau8RfxhY8uKh38htkjTOjCwiHX5KNZRaChMPzwlDlu+2qq4iRu6Qev3upf9esZw5lCTnQG1B/WH6VxMNehxg==}
    dependencies:
      idb-key-to-string: 0.2.0
      kv-storage-interface: 0.2.0
      typeson: 6.1.0
      typeson-registry: 1.0.0-alpha.39
    dev: false

  /@worker-tools/encrypted-cookie-store/0.2.1:
    resolution: {integrity: sha512-ZYT66MKuQ0cMtbjN3Ki39Ovik6rSSAmPEDadgzqisUkGqst5XVAXDn/qlhashXUS8lr0pVqLtahgthLuwFWymA==}
    dependencies:
      base64-encoding: 0.14.3
      cookie-store-interface: 0.1.1
      typed-array-utils: 0.2.2
      uuid-class: 0.12.3
    dev: false

  /@worker-tools/encrypted-cookie-store/0.3.0-pre.5:
    resolution: {integrity: sha512-R/n3Y4aj2HOYXSx0FSQ7PmRtaENbblgNNysofFDwBOtSVy2O/0fkhJzQ3TZS0oOuOG6iAwfGhUx/zuYcpJWbew==}
    dependencies:
      base64-encoding: 0.15.0-alpha.0
      cookie-store-interface: 0.1.1
      typed-array-utils: 0.2.2
    dev: false

  /@worker-tools/extendable-promise/0.2.0-pre.8:
    resolution: {integrity: sha512-pr5eBJY21kUyT9QAGaquZRKzsckPgydSonCiRai2uSU1wEP77ZJYfvdLMKwxSJay0fS///9NPNrIJOKyxYuWfA==}
    dependencies:
      '@worker-tools/resolvable-promise': 0.2.0-pre.4
    dev: false

  /@worker-tools/html/2.0.0-pre.8:
    resolution: {integrity: sha512-7nobGcMy8ZbmGWIqPg7UHBAgh6lcgx3oplxe1LvrNYa5myLOTOLK93weaYxhQyigh4lS1xQPeVu1M2zDCIpFQw==}
    dependencies:
      '@worker-tools/stream-response': 0.1.0-pre.0
    dev: false

  /@worker-tools/json-fetch/2.1.0-pre.3:
    resolution: {integrity: sha512-sxmbDN2TQk7zd8H7h6e7cwQ61i5bbzGrqgMWFyDOdwaNoI4H4J20KewpRnj5PdUXUB/DatiPzNTHSX+aMLfHTg==}
    dev: false

  /@worker-tools/location-polyfill/0.4.0:
    resolution: {integrity: sha512-nS4ujxISXY5o9mdevM8WHK+zK67Srb5xfLeCikeiW1zlXSiZqIhx+9kMtcvHitNPmQhciWsjQ5FV97hBGc0EOA==}
    dependencies:
      '@cloudflare/workers-types': 2.2.2
    dev: false

  /@worker-tools/middleware/0.1.0-pre.15:
    resolution: {integrity: sha512-DbsnCQNKFI8XkOqSVWMfa/1Y+9873sQcC7/M+O8w4tZMFB4HIOUyVMdbon4coKgAK2gcy2yPTf/evAsJZIijsw==}
    dependencies:
      '@worker-tools/encrypted-cookie-store': 0.3.0-pre.5
      '@worker-tools/extendable-promise': 0.2.0-pre.8
      '@worker-tools/request-cookie-store': 0.5.0-pre.9
      '@worker-tools/resolvable-promise': 0.2.0-pre.4
      '@worker-tools/response-creators': 1.2.0-pre.5
      '@worker-tools/signed-cookie-store': 0.3.0-pre.7
      base64-encoding: 0.15.0-alpha.0
      kv-storage-interface: 0.2.0
      msgpackr: 1.5.6
      negotiated: 1.0.2
      ts-functional-pipe: 3.1.2
      urlpattern-polyfill: 4.0.3
      uuid-class: 0.13.0-alpha.0
    dev: false

  /@worker-tools/parsed-html-rewriter/0.1.11:
    resolution: {integrity: sha512-y9/G2bxzMfd8cG09XreB9uvxOrNztc6xIBqq3pp46Rg2rbuBECpfZH5bJlr2njZEw0u4ZrVVp2XwVnw7RlONAQ==}
    dependencies:
      '@cloudflare/workers-types': 2.2.2
      linkedom: 0.13.7
      tslib: 2.4.0
      whatwg-stream-to-async-iter: 0.4.3
    dev: false

  /@worker-tools/request-cookie-store/0.5.0-pre.9:
    resolution: {integrity: sha512-bF/+BH8oanp5q4PsZW1i2zGuFf2wfrH6xO+Pxzz0Av9VBgIO74TwqZsSHSDlDvAfjKH6am9ZUqSo0eXPx5ZtZw==}
    dependencies:
      cookie-store-interface: 0.1.1
    dev: false

  /@worker-tools/resolvable-promise/0.2.0-pre.4:
    resolution: {integrity: sha512-NoXQU2hv+/e4hWExN6J3yTU8n0PUD3yY+JzjHBWB4gwh40xtbee8Z/fKLNZzYHOfujfVvMK6PY7TDJzxha4Geg==}
    dev: false

  /@worker-tools/response-creators/1.0.8:
    resolution: {integrity: sha512-SjIsLSXfBtzGqbahKjP6WvTtvoHK7Biuo6bOpkkgdkyrCAYV2Yaj5PaAcZnqW2tsgQm5iaThXsbtdsVGNPD7+Q==}
    dev: false

  /@worker-tools/response-creators/1.2.0-pre.5:
    resolution: {integrity: sha512-T5Q4CoW4JGv/kVrbuwTN0C0kgfwFj7j/8LPrScUGnk+2BIXdm9Be2YGtNpMgQRqs263yYHij2YRgFKK8bOdBaQ==}
    dev: false

  /@worker-tools/router/0.2.0-pre.6:
    resolution: {integrity: sha512-VfDGzi1cEI8Xu4p9EbussIAziz7rhyELCdIeAwS2qkqU/Z2UNe088/OLvD5ipnvGsFTJJxzg+unXK6x9MPVbog==}
    dependencies:
      '@worker-tools/middleware': 0.1.0-pre.15
      '@worker-tools/response-creators': 1.2.0-pre.5
      urlpattern-polyfill: 4.0.3
    dev: false

  /@worker-tools/signed-cookie-store/0.3.0-pre.7:
    resolution: {integrity: sha512-36mv0ingNFlJsbNAeNuEjMF5KBS4yx+F5wOMCYO8CY54Y9ekLfBAAXrzSGJA4kUeNIxHGqFOniNnfo1siJ9Y0Q==}
    dependencies:
      base64-encoding: 0.15.0-alpha.0
      cookie-store-interface: 0.1.1
      typed-array-utils: 0.2.2
    dev: false

  /@worker-tools/stream-response/0.1.0-pre.0:
    resolution: {integrity: sha512-U1C99/3qdu713Rs4qEhqFZnHvkhLQlNReyVi/MKzwv95THtJDBL9MgcIkcPFhgYVLWJ6hGqPxIcZGqYtlshwLw==}
    dependencies:
      whatwg-stream-to-async-iter: 0.5.0
    dev: false

  /@worker-tools/stripe-webhook/1.1.4:
    resolution: {integrity: sha512-J13j54f9/a/O6XqeTNkMqDoes1OsqjH1g5H9hB4ViOeW8JyZ1odn4lYBZ41J1PLgsyF7z7aG5fbS7YmuFDqSoA==}
    dependencies:
      typed-array-utils: 0.1.0
    dev: false

  /base64-arraybuffer-es6/0.7.0:
    resolution: {integrity: sha512-ESyU/U1CFZDJUdr+neHRhNozeCv72Y7Vm0m1DCbjX3KBjT6eYocvAJlSk6+8+HkVwXlT1FNxhGW6q3UKAlCvvw==}
    engines: {node: '>=6.0.0'}
    dev: false

  /base64-encoding/0.14.3:
    resolution: {integrity: sha512-/MvpDArLNYsPwwDAfDadL5OMZjWHlPIdsA8iZWN2A/p+ml6f3CtIODBxH21PdtTirKGfjjjp2CGpfGvdyGQJiQ==}
    dev: false

  /base64-encoding/0.15.0-alpha.0:
    resolution: {integrity: sha512-uqf17NvS+fbYzYj0bVP4SfrzcppvDrGX60fDljhGhSUzKcCwoIRx8vOGGo35D24F+EkzEv4X8WljBu7ZzPZquw==}
    dev: false

  /boolbase/1.0.0:
    resolution: {integrity: sha1-aN/1++YMUes3cl6p4+0xDcwed24=}
    dev: false

  /buffer-from/1.1.2:
    resolution: {integrity: sha512-E+XQCRwSbaaiChtv6k6Dwgc+bx+Bs6vuKJHHl5kox/BaKbhiXzqQOwK4cO22yElGp2OCmjwVhT3HmxgyPGnJfQ==}
    dev: true

  /busboy/0.3.1:
    resolution: {integrity: sha512-y7tTxhGKXcyBxRKAni+awqx8uqaJKrSFSNFSeRG5CsWNdmy2BIK+6VGWEW7TZnIO/533mtMEA4rOevQV815YJw==}
    engines: {node: '>=4.5.0'}
    dependencies:
      dicer: 0.3.0

  /cookie-store-interface/0.1.1:
    resolution: {integrity: sha512-fwEY2FxGL4c2YVNHuTSaxNph9whnvVs5gRMhQ2Lr33CzQJkFlRyElSo4PDvGSVnv4Ps++i17+uNI/GYAM6ciBg==}
    dev: false

  /cookie/0.4.2:
    resolution: {integrity: sha512-aSWTXFzaKWkvHO1Ny/s+ePFpvKsPnjc551iI41v3ny/ow6tBG5Vd+FuqGNhh1LxOmVzOlGUriIlOaokOvhaStA==}
    engines: {node: '>= 0.6'}
    dev: true

  /cron-schedule/3.0.6:
    resolution: {integrity: sha512-izfGgKyzzIyLaeb1EtZ3KbglkS6AKp9cv7LxmiyoOu+fXfol1tQDC0Cof0enVZGNtudTHW+3lfuW9ZkLQss4Wg==}
    dev: true

  /css-select/4.3.0:
    resolution: {integrity: sha512-wPpOYtnsVontu2mODhA19JrqWxNsfdatRKd64kmpRbQgh1KtItko5sTnEpPdpSaJszTOhEMlF/RPz28qj4HqhQ==}
    dependencies:
      boolbase: 1.0.0
      css-what: 6.1.0
      domhandler: 4.3.1
      domutils: 2.8.0
      nth-check: 2.0.1
    dev: false

  /css-what/6.1.0:
    resolution: {integrity: sha512-HTUrgRJ7r4dsZKU6GjmpfRK1O76h97Z8MfS1G0FozR+oF2kG6Vfe8JE6zwrkbxigziPHinCJ+gCPjA9EaBDtRw==}
    engines: {node: '>= 6'}
    dev: false

  /cssom/0.5.0:
    resolution: {integrity: sha512-iKuQcq+NdHqlAcwUY0o/HL69XQrUaQdMjmStJ8JFmUaiiQErlhrmuigkg/CU4E2J0IyUKUrMAgl36TvN67MqTw==}
    dev: false

  /data-uri-to-buffer/4.0.0:
    resolution: {integrity: sha512-Vr3mLBA8qWmcuschSLAOogKgQ/Jwxulv3RNE4FXnYWRGujzrRWQI4m12fQqRkwX06C0KanhLr4hK+GydchZsaA==}
    engines: {node: '>= 12'}
    dev: false

  /date-fns/2.28.0:
    resolution: {integrity: sha512-8d35hViGYx/QH0icHYCeLmsLmMUheMmTyV9Fcm6gvNwdw31yXXH+O85sOBJ+OLnLQMKZowvpKb6FgMIQjcpvQw==}
    engines: {node: '>=0.11'}
    dev: false

  /dicer/0.3.0:
    resolution: {integrity: sha512-MdceRRWqltEG2dZqO769g27N/3PXfcKl04VhYnBlo2YhH7zPi88VebsjTKclaOyiuMaGU72hTfw3VkUitGcVCA==}
    engines: {node: '>=4.5.0'}
    dependencies:
      streamsearch: 0.1.2

  /dom-serializer/1.4.1:
    resolution: {integrity: sha512-VHwB3KfrcOOkelEG2ZOfxqLZdfkil8PtJi4P8N2MMXucZq2yLp75ClViUlOVwyoHEDjYU433Aq+5zWP61+RGag==}
    dependencies:
      domelementtype: 2.3.0
      domhandler: 4.3.1
      entities: 2.2.0
    dev: false

  /domelementtype/2.3.0:
    resolution: {integrity: sha512-OLETBj6w0OsagBwdXnPdN0cnMfF9opN69co+7ZrbfPGrdpPVNBUj02spi6B1N7wChLQiPn4CSH/zJvXw56gmHw==}
    dev: false

  /domhandler/4.3.1:
    resolution: {integrity: sha512-GrwoxYN+uWlzO8uhUXRl0P+kHE4GtVPfYzVLcUxPL7KNdHKj66vvlhiweIHqYYXWlw+T8iLMp42Lm67ghw4WMQ==}
    engines: {node: '>= 4'}
    dependencies:
      domelementtype: 2.3.0
    dev: false

  /domutils/2.8.0:
    resolution: {integrity: sha512-w96Cjofp72M5IIhpjgobBimYEfoPjx1Vx0BSX9P30WBdZW2WIKU0T1Bd0kz2eNZ9ikjKgHbEyKx8BB6H1L3h3A==}
    dependencies:
      dom-serializer: 1.4.1
      domelementtype: 2.3.0
      domhandler: 4.3.1
    dev: false

  /dotenv/10.0.0:
    resolution: {integrity: sha512-rlBi9d8jpv9Sf1klPjNfFAuWDjKLwTIJJ/VxtoTwIR6hnZxcEOQCZg2oIL3MWBYw5GpUDKOEnND7LXTbIpQ03Q==}
    engines: {node: '>=10'}

  /entities/2.2.0:
    resolution: {integrity: sha512-p92if5Nz619I0w+akJrLZH0MX0Pb5DX39XOwQTtXSdQQOaYH03S1uIQp4mhOZtAXrxq4ViO67YTiLBo2638o9A==}
    dev: false

  /entities/3.0.1:
    resolution: {integrity: sha512-WiyBqoomrwMdFG1e0kqvASYfnlb0lp8M5o5Fw2OFq1hNZxxcNk8Ik0Xm7LxzBhuidnZB/UtBqVCgUz3kBOP51Q==}
    engines: {node: '>=0.12'}
    dev: false

  /esbuild-android-64/0.14.38:
    resolution: {integrity: sha512-aRFxR3scRKkbmNuGAK+Gee3+yFxkTJO/cx83Dkyzo4CnQl/2zVSurtG6+G86EQIZ+w+VYngVyK7P3HyTBKu3nw==}
    engines: {node: '>=12'}
    cpu: [x64]
    os: [android]
    requiresBuild: true
    dev: true
    optional: true

  /esbuild-android-arm64/0.14.38:
    resolution: {integrity: sha512-L2NgQRWuHFI89IIZIlpAcINy9FvBk6xFVZ7xGdOwIm8VyhX1vNCEqUJO3DPSSy945Gzdg98cxtNt8Grv1CsyhA==}
    engines: {node: '>=12'}
    cpu: [arm64]
    os: [android]
    requiresBuild: true
    dev: true
    optional: true

  /esbuild-darwin-64/0.14.38:
    resolution: {integrity: sha512-5JJvgXkX87Pd1Og0u/NJuO7TSqAikAcQQ74gyJ87bqWRVeouky84ICoV4sN6VV53aTW+NE87qLdGY4QA2S7KNA==}
    engines: {node: '>=12'}
    cpu: [x64]
    os: [darwin]
    requiresBuild: true
    dev: true
    optional: true

  /esbuild-darwin-arm64/0.14.38:
    resolution: {integrity: sha512-eqF+OejMI3mC5Dlo9Kdq/Ilbki9sQBw3QlHW3wjLmsLh+quNfHmGMp3Ly1eWm981iGBMdbtSS9+LRvR2T8B3eQ==}
    engines: {node: '>=12'}
    cpu: [arm64]
    os: [darwin]
    requiresBuild: true
    dev: true
    optional: true

  /esbuild-freebsd-64/0.14.38:
    resolution: {integrity: sha512-epnPbhZUt93xV5cgeY36ZxPXDsQeO55DppzsIgWM8vgiG/Rz+qYDLmh5ts3e+Ln1wA9dQ+nZmVHw+RjaW3I5Ig==}
    engines: {node: '>=12'}
    cpu: [x64]
    os: [freebsd]
    requiresBuild: true
    dev: true
    optional: true

  /esbuild-freebsd-arm64/0.14.38:
    resolution: {integrity: sha512-/9icXUYJWherhk+y5fjPI5yNUdFPtXHQlwP7/K/zg8t8lQdHVj20SqU9/udQmeUo5pDFHMYzcEFfJqgOVeKNNQ==}
    engines: {node: '>=12'}
    cpu: [arm64]
    os: [freebsd]
    requiresBuild: true
    dev: true
    optional: true

  /esbuild-linux-32/0.14.38:
    resolution: {integrity: sha512-QfgfeNHRFvr2XeHFzP8kOZVnal3QvST3A0cgq32ZrHjSMFTdgXhMhmWdKzRXP/PKcfv3e2OW9tT9PpcjNvaq6g==}
    engines: {node: '>=12'}
    cpu: [ia32]
    os: [linux]
    requiresBuild: true
    dev: true
    optional: true

  /esbuild-linux-64/0.14.38:
    resolution: {integrity: sha512-uuZHNmqcs+Bj1qiW9k/HZU3FtIHmYiuxZ/6Aa+/KHb/pFKr7R3aVqvxlAudYI9Fw3St0VCPfv7QBpUITSmBR1Q==}
    engines: {node: '>=12'}
    cpu: [x64]
    os: [linux]
    requiresBuild: true
    dev: true
    optional: true

  /esbuild-linux-arm/0.14.38:
    resolution: {integrity: sha512-FiFvQe8J3VKTDXG01JbvoVRXQ0x6UZwyrU4IaLBZeq39Bsbatd94Fuc3F1RGqPF5RbIWW7RvkVQjn79ejzysnA==}
    engines: {node: '>=12'}
    cpu: [arm]
    os: [linux]
    requiresBuild: true
    dev: true
    optional: true

  /esbuild-linux-arm64/0.14.38:
    resolution: {integrity: sha512-HlMGZTEsBrXrivr64eZ/EO0NQM8H8DuSENRok9d+Jtvq8hOLzrxfsAT9U94K3KOGk2XgCmkaI2KD8hX7F97lvA==}
    engines: {node: '>=12'}
    cpu: [arm64]
    os: [linux]
    requiresBuild: true
    dev: true
    optional: true

  /esbuild-linux-mips64le/0.14.38:
    resolution: {integrity: sha512-qd1dLf2v7QBiI5wwfil9j0HG/5YMFBAmMVmdeokbNAMbcg49p25t6IlJFXAeLzogv1AvgaXRXvgFNhScYEUXGQ==}
    engines: {node: '>=12'}
    cpu: [mips64el]
    os: [linux]
    requiresBuild: true
    dev: true
    optional: true

  /esbuild-linux-ppc64le/0.14.38:
    resolution: {integrity: sha512-mnbEm7o69gTl60jSuK+nn+pRsRHGtDPfzhrqEUXyCl7CTOCLtWN2bhK8bgsdp6J/2NyS/wHBjs1x8aBWwP2X9Q==}
    engines: {node: '>=12'}
    cpu: [ppc64]
    os: [linux]
    requiresBuild: true
    dev: true
    optional: true

  /esbuild-linux-riscv64/0.14.38:
    resolution: {integrity: sha512-+p6YKYbuV72uikChRk14FSyNJZ4WfYkffj6Af0/Tw63/6TJX6TnIKE+6D3xtEc7DeDth1fjUOEqm+ApKFXbbVQ==}
    engines: {node: '>=12'}
    cpu: [riscv64]
    os: [linux]
    requiresBuild: true
    dev: true
    optional: true

  /esbuild-linux-s390x/0.14.38:
    resolution: {integrity: sha512-0zUsiDkGJiMHxBQ7JDU8jbaanUY975CdOW1YDrurjrM0vWHfjv9tLQsW9GSyEb/heSK1L5gaweRjzfUVBFoybQ==}
    engines: {node: '>=12'}
    cpu: [s390x]
    os: [linux]
    requiresBuild: true
    dev: true
    optional: true

  /esbuild-netbsd-64/0.14.38:
    resolution: {integrity: sha512-cljBAApVwkpnJZfnRVThpRBGzCi+a+V9Ofb1fVkKhtrPLDYlHLrSYGtmnoTVWDQdU516qYI8+wOgcGZ4XIZh0Q==}
    engines: {node: '>=12'}
    cpu: [x64]
    os: [netbsd]
    requiresBuild: true
    dev: true
    optional: true

  /esbuild-openbsd-64/0.14.38:
    resolution: {integrity: sha512-CDswYr2PWPGEPpLDUO50mL3WO/07EMjnZDNKpmaxUPsrW+kVM3LoAqr/CE8UbzugpEiflYqJsGPLirThRB18IQ==}
    engines: {node: '>=12'}
    cpu: [x64]
    os: [openbsd]
    requiresBuild: true
    dev: true
    optional: true

  /esbuild-sunos-64/0.14.38:
    resolution: {integrity: sha512-2mfIoYW58gKcC3bck0j7lD3RZkqYA7MmujFYmSn9l6TiIcAMpuEvqksO+ntBgbLep/eyjpgdplF7b+4T9VJGOA==}
    engines: {node: '>=12'}
    cpu: [x64]
    os: [sunos]
    requiresBuild: true
    dev: true
    optional: true

  /esbuild-windows-32/0.14.38:
    resolution: {integrity: sha512-L2BmEeFZATAvU+FJzJiRLFUP+d9RHN+QXpgaOrs2klshoAm1AE6Us4X6fS9k33Uy5SzScn2TpcgecbqJza1Hjw==}
    engines: {node: '>=12'}
    cpu: [ia32]
    os: [win32]
    requiresBuild: true
    dev: true
    optional: true

  /esbuild-windows-64/0.14.38:
    resolution: {integrity: sha512-Khy4wVmebnzue8aeSXLC+6clo/hRYeNIm0DyikoEqX+3w3rcvrhzpoix0S+MF9vzh6JFskkIGD7Zx47ODJNyCw==}
    engines: {node: '>=12'}
    cpu: [x64]
    os: [win32]
    requiresBuild: true
    dev: true
    optional: true

  /esbuild-windows-arm64/0.14.38:
    resolution: {integrity: sha512-k3FGCNmHBkqdJXuJszdWciAH77PukEyDsdIryEHn9cKLQFxzhT39dSumeTuggaQcXY57UlmLGIkklWZo2qzHpw==}
    engines: {node: '>=12'}
    cpu: [arm64]
    os: [win32]
    requiresBuild: true
    dev: true
    optional: true

  /esbuild/0.14.38:
    resolution: {integrity: sha512-12fzJ0fsm7gVZX1YQ1InkOE5f9Tl7cgf6JPYXRJtPIoE0zkWAbHdPHVPPaLi9tYAcEBqheGzqLn/3RdTOyBfcA==}
    engines: {node: '>=12'}
    hasBin: true
    requiresBuild: true
    optionalDependencies:
      esbuild-android-64: 0.14.38
      esbuild-android-arm64: 0.14.38
      esbuild-darwin-64: 0.14.38
      esbuild-darwin-arm64: 0.14.38
      esbuild-freebsd-64: 0.14.38
      esbuild-freebsd-arm64: 0.14.38
      esbuild-linux-32: 0.14.38
      esbuild-linux-64: 0.14.38
      esbuild-linux-arm: 0.14.38
      esbuild-linux-arm64: 0.14.38
      esbuild-linux-mips64le: 0.14.38
      esbuild-linux-ppc64le: 0.14.38
      esbuild-linux-riscv64: 0.14.38
      esbuild-linux-s390x: 0.14.38
      esbuild-netbsd-64: 0.14.38
      esbuild-openbsd-64: 0.14.38
      esbuild-sunos-64: 0.14.38
      esbuild-windows-32: 0.14.38
      esbuild-windows-64: 0.14.38
      esbuild-windows-arm64: 0.14.38
    dev: true

  /event-target-to-async-iter/0.2.1:
    resolution: {integrity: sha512-wY71SfkhmB/BcbzJZQdCGbx2Y1eBN+/C+cRcX+8/1jORyQuPmasSgbRbi0UuSlaM0LlBZmQW9JNBJfvwQhmvRg==}
    dev: false

  /fetch-blob/3.1.5:
    resolution: {integrity: sha512-N64ZpKqoLejlrwkIAnb9iLSA3Vx/kjgzpcDhygcqJ2KKjky8nCgUQ+dzXtbrLaWZGZNmNfQTsiQ0weZ1svglHg==}
    engines: {node: ^12.20 || >= 14.13}
    dependencies:
      node-domexception: 1.0.0
      web-streams-polyfill: 3.2.1
    dev: false

  /formdata-polyfill/4.0.10:
    resolution: {integrity: sha512-buewHzMvYL29jdeQTVILecSaZKnt/RJWjoZCF5OW60Z67/GmSLBkOFM7qh1PI3zFNtJbaZL5eQu1vLfazOwj4g==}
    engines: {node: '>=12.20.0'}
    dependencies:
      fetch-blob: 3.1.5
    dev: false

  /html-escaper/3.0.3:
    resolution: {integrity: sha512-RuMffC89BOWQoY0WKGpIhn5gX3iI54O6nRA0yC124NYVtzjmFWBIiFd8M0x+ZdX0P9R4lADg1mgP8C7PxGOWuQ==}
    dev: false

  /html-rewriter-wasm/0.4.1:
    resolution: {integrity: sha512-lNovG8CMCCmcVB1Q7xggMSf7tqPCijZXaH4gL6iE8BFghdQCbaY5Met9i1x2Ex8m/cZHDUtXK9H6/znKamRP8Q==}

  /htmlparser2/7.2.0:
    resolution: {integrity: sha512-H7MImA4MS6cw7nbyURtLPO1Tms7C5H602LRETv95z1MxO/7CP7rDVROehUYeYBUYEON94NXXDEPmZuq+hX4sog==}
    dependencies:
      domelementtype: 2.3.0
      domhandler: 4.3.1
      domutils: 2.8.0
      entities: 3.0.1
    dev: false

  /http-cache-semantics/4.1.0:
    resolution: {integrity: sha512-carPklcUh7ROWRK7Cv27RPtdhYhUsela/ue5/jKzjegVvXDqM2ILE9Q2BGn9JZJh1g87cp56su/FgQSzcWS8cQ==}
    dev: true

  /idb-key-to-string/0.2.0:
    resolution: {integrity: sha512-ZrbOyJyLjCPFlullZharfgyGDb6w6lnVJwFE/6BvVHaNLxoM6ELxrxVozdjLP5VmSq9mKjP6qXDkeV/ht1lu1A==}
    dependencies:
      base64-encoding: 0.14.3
      kv-storage-interface: 0.2.0
    dev: false

  /ignore/5.2.0:
    resolution: {integrity: sha512-CmxgYGiEPCLhfLnpPp1MoRmifwEIOgjcHXxOBjv7mY96c+eWScsOP9c112ZyLdWHi0FxHjI+4uVhKYp/gcdRmQ==}
    engines: {node: '>= 4'}

  /ip-regex/5.0.0:
    resolution: {integrity: sha512-fOCG6lhoKKakwv+C6KdsOnGvgXnmgfmp0myi3bcNwj3qfwPAxRKWEuFhvEFF7ceYIz6+1jRZ+yguLFAmUNPEfw==}
    engines: {node: ^12.20.0 || ^14.13.1 || >=16.0.0}
    dev: false

  /is-ip/4.0.0:
    resolution: {integrity: sha512-4B4XA2HEIm/PY+OSpeMBXr8pGWBYbXuHgjMAqrwbLO3CPTCAd9ArEJzBUKGZtk9viY6+aSfadGnWyjY3ydYZkw==}
    engines: {node: ^12.20.0 || ^14.13.1 || >=16.0.0}
    dependencies:
      ip-regex: 5.0.0
    dev: false

  /kleur/4.1.4:
    resolution: {integrity: sha512-8QADVssbrFjivHWQU7KkMgptGTl6WAcSdlbBPY4uNF+mWr6DGcKrvY2w4FQJoXch7+fKMjj0dRrL75vk3k23OA==}
    engines: {node: '>=6'}

  /kv-storage-interface/0.2.0:
    resolution: {integrity: sha512-W1QWU/6yj7j7pXRoXkOwv/QEieiaBHcEEeYSPY6D7w7mgwx2NuC0FRS8D6/gSKyfharRXR01aLiEkKRjZMGCOQ==}
    dev: false

  /kv-storage-polyfill/2.0.0:
    resolution: {integrity: sha512-K4tV8kYT2YNP00GN77pJ099cpwaYCOBGYY2NsfLjUtimE49YI9OYX+MGzOGHNOttUNCKC2Y3YZpV7P+HY2tgCQ==}
    dev: false

  /linkedom/0.13.7:
    resolution: {integrity: sha512-We9cyPHV/exsrC43KXtItjqSTxwrK9pLpOnG6TLzqXrmqwe/wqd3Gi6eAAU4YCqfTgy79R8g75hY2fS7723XUg==}
    dependencies:
      css-select: 4.3.0
      cssom: 0.5.0
      html-escaper: 3.0.3
      htmlparser2: 7.2.0
      uhyphen: 0.1.0
    dev: false

  /linkedom/0.14.7:
    resolution: {integrity: sha512-3S0iNZDXWbKAqrtc0SU4UdhRDRm+8Fq1y15zAhcVnHWaGh+6Qnej9BF2wFJjpgdwrmF2E8nxb5axYSKLpMM3Pw==}
    dependencies:
      css-select: 4.3.0
      cssom: 0.5.0
      html-escaper: 3.0.3
      htmlparser2: 7.2.0
      uhyphen: 0.1.0
    dev: false

  /lodash/4.17.21:
    resolution: {integrity: sha512-v2kDEe57lecTulaDIuNTPy3Ry4gLGJ6Z1O3vE1krgXZNrsQ+LFTGHVxVjcXPs17LhbZVGedAJv8XZ1tvj5FvSg==}
    dev: false

  /mime/3.0.0:
    resolution: {integrity: sha512-jSCU7/VB1loIWBZe14aEYHU/+1UMEHoaO7qxCOVJOw9GgH72VAWppxNcjU+x9a2k3GSIBXNKxXQFqRvvZ7vr3A==}
    engines: {node: '>=10.0.0'}
    hasBin: true
    dev: false

  /miniflare/2.4.0:
    resolution: {integrity: sha512-xOBL/dQsUL95rxIYO+KrrVPPpm2TAf6TKl4AvhcjSfUeVkzDWd/y9f7hXCt8x6srDoK0Z2LpYouatvSfSUzGOw==}
    engines: {node: '>=16.7'}
    hasBin: true
    peerDependencies:
      '@miniflare/storage-redis': 2.4.0
      cron-schedule: ^3.0.4
      ioredis: ^4.27.9
    peerDependenciesMeta:
      '@miniflare/storage-redis':
        optional: true
      cron-schedule:
        optional: true
      ioredis:
        optional: true
    dependencies:
      '@miniflare/cache': 2.4.0
      '@miniflare/cli-parser': 2.4.0
      '@miniflare/core': 2.4.0
      '@miniflare/durable-objects': 2.4.0
      '@miniflare/html-rewriter': 2.4.0
      '@miniflare/http-server': 2.4.0
      '@miniflare/kv': 2.4.0
      '@miniflare/runner-vm': 2.4.0
      '@miniflare/scheduler': 2.4.0
      '@miniflare/shared': 2.4.0
      '@miniflare/sites': 2.4.0
      '@miniflare/storage-file': 2.4.0
      '@miniflare/storage-memory': 2.4.0
      '@miniflare/web-sockets': 2.4.0
      kleur: 4.1.4
      semiver: 1.1.0
      source-map-support: 0.5.21
      undici: 4.13.0
    transitivePeerDependencies:
      - bufferutil
      - utf-8-validate
    dev: true

  /msgpackr-extract-darwin-arm64/1.1.0:
    resolution: {integrity: sha512-s1kHoT12tS2cCQOv+Wl3I+/cYNJXBPtwQqGA+dPYoXmchhXiE0Nso+BIfvQ5PxbmAyjj54Q5o7PnLTqVquNfZA==}
    cpu: [arm64]
    os: [darwin]
    requiresBuild: true
    dev: false
    optional: true

  /msgpackr-extract-darwin-x64/1.1.0:
    resolution: {integrity: sha512-yx/H/i12IKg4eWGu/eKdKzJD4jaYvvujQSaVmeOMCesbSQnWo5X6YR9TFjoiNoU9Aexk1KufzL9gW+1DozG1yw==}
    cpu: [x64]
    os: [darwin]
    requiresBuild: true
    dev: false
    optional: true

  /msgpackr-extract-linux-arm/1.1.0:
    resolution: {integrity: sha512-0VvSCqi12xpavxl14gMrauwIzHqHbmSChUijy/uo3mpjB1Pk4vlisKpZsaOZvNJyNKj0ACi5jYtbWnnOd7hYGw==}
    cpu: [arm]
    os: [linux]
    requiresBuild: true
    dev: false
    optional: true

  /msgpackr-extract-linux-arm64/1.1.0:
    resolution: {integrity: sha512-AxFle3fHNwz2V4CYDIGFxI6o/ZuI0lBKg0uHI8EcCMUmDE5mVAUWYge5WXmORVvb8sVWyVgFlmi3MTu4Ve6tNQ==}
    cpu: [arm64]
    os: [linux]
    requiresBuild: true
    dev: false
    optional: true

  /msgpackr-extract-linux-x64/1.1.0:
    resolution: {integrity: sha512-O+XoyNFWpdB8oQL6O/YyzffPpmG5rTNrr1nKLW70HD2ENJUhcITzbV7eZimHPzkn8LAGls1tBaMTHQezTBpFOw==}
    cpu: [x64]
    os: [linux]
    requiresBuild: true
    dev: false
    optional: true

  /msgpackr-extract-win32-x64/1.1.0:
    resolution: {integrity: sha512-6AJdM5rNsL4yrskRfhujVSPEd6IBpgvsnIT/TPowKNLQ62iIdryizPY2PJNFiW3AJcY249AHEiDBXS1cTDPxzA==}
    cpu: [x64]
    os: [win32]
    requiresBuild: true
    dev: false
    optional: true

  /msgpackr-extract/1.1.4:
    resolution: {integrity: sha512-WQbHvsThprXh+EqZYy+SQFEs7z6bNM7a0vgirwUfwUcphWGT2mdPcpyLCNiRsN6w5q5VKJUMblHY+tNEyceb9Q==}
    requiresBuild: true
    dependencies:
      node-gyp-build-optional-packages: 4.3.2
    optionalDependencies:
      msgpackr-extract-darwin-arm64: 1.1.0
      msgpackr-extract-darwin-x64: 1.1.0
      msgpackr-extract-linux-arm: 1.1.0
      msgpackr-extract-linux-arm64: 1.1.0
      msgpackr-extract-linux-x64: 1.1.0
      msgpackr-extract-win32-x64: 1.1.0
    dev: false
    optional: true

  /msgpackr/1.5.6:
    resolution: {integrity: sha512-Y1Ia1AYKcz30JOAUyyC0jCicI7SeP8NK+SVCGZIeLg2oQs28wSwW2GbHXktk4ZZmrq9/v2jU0JAbvbp2d1ewpg==}
    optionalDependencies:
      msgpackr-extract: 1.1.4
    dev: false

  /mustache/4.2.0:
    resolution: {integrity: sha512-71ippSywq5Yb7/tVYyGbkBggbU8H3u5Rz56fH60jGFgr8uHwxs+aSKeqmluIVzM0m0kB7xQjKS6qPfd0b2ZoqQ==}
    hasBin: true
    dev: true

  /negotiated/1.0.2:
    resolution: {integrity: sha512-fRArKF8+FAcNJU9hc2ND3ezUM18yrEYqzyAZX7O0VHutJVOkWQo5N1fDVVFSncWyWoulUBunuZvKg0JUehTiRQ==}
    dev: false

  /node-domexception/1.0.0:
    resolution: {integrity: sha512-/jKZoMpw0F8GRwl4/eLROPA3cfcXtLApP0QzLmUT/HuPCZWyB7IY9ZrMeKw2O/nFIqPQB3PVM9aYm0F312AXDQ==}
    engines: {node: '>=10.5.0'}
    dev: false

  /node-fetch/3.2.3:
    resolution: {integrity: sha512-AXP18u4pidSZ1xYXRDPY/8jdv3RAozIt/WLNR/MBGZAz+xjtlr90RvCnsvHQRiXyWliZF/CpytExp32UU67/SA==}
    engines: {node: ^12.20.0 || ^14.13.1 || >=16.0.0}
    dependencies:
      data-uri-to-buffer: 4.0.0
      fetch-blob: 3.1.5
      formdata-polyfill: 4.0.10
    dev: false

  /node-forge/1.3.1:
    resolution: {integrity: sha512-dPEtOeMvF9VMcYV/1Wb8CPoVAXtp6MKMlcbAt4ddqmGqUJ6fQZFXkNZNkNlfevtNkGtaSoXf/vNNNSvgrdXwtA==}
    engines: {node: '>= 6.13.0'}
    dev: true

  /node-gyp-build-optional-packages/4.3.2:
    resolution: {integrity: sha512-P5Ep3ISdmwcCkZIaBaQamQtWAG0facC89phWZgi5Z3hBU//J6S48OIvyZWSPPf6yQMklLZiqoosWAZUj7N+esA==}
    hasBin: true
    dev: false
    optional: true

  /nth-check/2.0.1:
    resolution: {integrity: sha512-it1vE95zF6dTT9lBsYbxvqh0Soy4SPowchj0UBGj/V6cTPnXXtQOPUbhZ6CmGzAD/rW22LQK6E96pcdJXk4A4w==}
    dependencies:
      boolbase: 1.0.0
    dev: false

  /p-timeout/4.1.0:
    resolution: {integrity: sha512-+/wmHtzJuWii1sXn3HCuH/FTwGhrp4tmJTxSKJbfS+vkipci6osxXM5mY0jUiRzWKMTgUT8l7HFbeSwZAynqHw==}
    engines: {node: '>=10'}
    dev: false

  /parse-domain/7.0.0:
    resolution: {integrity: sha512-zTUcZpubnyZCb6h0cK3n9gTKYWm22klJyf01Ofx7SbD/mYZMcL3Z9C6vAwILC0bs2zfVFf6uac4+AsR1LqljWA==}
    hasBin: true
    dependencies:
      is-ip: 4.0.0
      node-fetch: 3.2.3
    dev: false

  /punycode/2.1.1:
    resolution: {integrity: sha512-XRsRjdf+j5ml+y/6GKHPZbrF/8p2Yga0JPtdqTIY2Xe5ohJPD9saDJJLPvp9+NSBprVvevdXZybnj2cv8OEd0A==}
    engines: {node: '>=6'}
    dev: false

  /selfsigned/2.0.1:
    resolution: {integrity: sha512-LmME957M1zOsUhG+67rAjKfiWFox3SBxE/yymatMZsAx+oMrJ0YQ8AToOnyCm7xbeg2ep37IHLxdu0o2MavQOQ==}
    engines: {node: '>=10'}
    dependencies:
      node-forge: 1.3.1
    dev: true

  /semiver/1.1.0:
    resolution: {integrity: sha512-QNI2ChmuioGC1/xjyYwyZYADILWyW6AmS1UH6gDj/SFUUUS4MBAWs/7mxnkRPc/F4iHezDP+O8t0dO8WHiEOdg==}
    engines: {node: '>=6'}
    dev: true

  /set-cookie-parser/2.4.8:
    resolution: {integrity: sha512-edRH8mBKEWNVIVMKejNnuJxleqYE/ZSdcT8/Nem9/mmosx12pctd80s2Oy00KNZzrogMZS5mauK2/ymL1bvlvg==}

  /source-map-support/0.5.21:
    resolution: {integrity: sha512-uBHU3L3czsIyYXKX88fdrGovxdSCoTGDRZ6SYXtSRxLZUzHg5P/66Ht6uoUlHu9EZod+inXhKo3qQgwXUT/y1w==}
    dependencies:
      buffer-from: 1.1.2
      source-map: 0.6.1
    dev: true

  /source-map/0.6.1:
    resolution: {integrity: sha512-UjgapumWlbMhkBgzT7Ykc5YXUT46F0iKu8SGXq0bcwP5dz/h0Plj6enJqjz1Zbq2l5WaqYnrVbwWOWMyF3F47g==}
    engines: {node: '>=0.10.0'}
    dev: true

  /stack-trace/0.0.10:
    resolution: {integrity: sha1-VHxws0fo0ytOEI6hoqFZ5f3eGcA=}
    dev: true

  /streamsearch/0.1.2:
    resolution: {integrity: sha1-gIudDlb8Jz2Am6VzOOkpkZoanxo=}
    engines: {node: '>=0.8.0'}

  /tr46/2.1.0:
    resolution: {integrity: sha512-15Ih7phfcdP5YxqiB+iDtLoaTz4Nd35+IiAv0kQ5FNKHzXgdWqPoTIqEDDJmXceQt4JZk6lVPT8lnDlPpGDppw==}
    engines: {node: '>=8'}
    dependencies:
      punycode: 2.1.1
    dev: false

  /ts-compose/1.0.0:
    resolution: {integrity: sha512-FsWZnvc0HtapVe4Yl42QFmiNOFXw3s9RvcyQ3/6BMaQtjMqJHwcTmzGtJTMjHmxPO4zypejUEUo+A9tw1e5IoA==}
    dev: false

  /ts-functional-pipe/3.1.2:
    resolution: {integrity: sha512-3Zmj39yTFtzrwrLn5ifQKHmUQQ6uh7+NUVUZ2hsBgeF2JzwkmlVErbxoktNA20E4lmbEJK8NEoEZOrETLRiWzw==}
    engines: {node: '>=6.0.0'}
    dependencies:
      tslib: 2.4.0
    dev: false

  /ts-pipe-compose/0.2.1:
    resolution: {integrity: sha512-gf6ZldcfCDyNXPRiW3lQjEP1Z9rrUM/4Cn7BZbv3SdTA82zxWRP8OmLwvGR974uuENhGCFgFdN11z3n1Ofpprg==}
    engines: {node: '>= 8.9.0'}
    dev: false

  /tslib/2.4.0:
    resolution: {integrity: sha512-d6xOpEDfsi2CZVlPQzGeux8XMwLT9hssAsaPYExaQMuYskwb+x1x7J371tWlbBdWHroy99KnVB6qIkUbs5X3UQ==}
    dev: false

  /type-fest/2.12.2:
    resolution: {integrity: sha512-qt6ylCGpLjZ7AaODxbpyBZSs9fCI9SkL3Z9q2oxMBQhs/uyY+VD8jHA8ULCGmWQJlBgqvO3EJeAngOHD8zQCrQ==}
    engines: {node: '>=12.20'}
    dev: false

  /typed-array-utils/0.1.0:
    resolution: {integrity: sha512-vktjDuUmM4d1M751wxN9Tss3oMpcNjuPeC8RMdlz9RXAV87HlDBsNtLCnCA7SO/4eQTImZ7fwdR3kvEu1u28XQ==}
    dev: false

  /typed-array-utils/0.2.2:
    resolution: {integrity: sha512-xq2oNAgDAZKsmzu7KQXDe9cLKiOYZn+6h5VMzcg1BmiiGPlCxMu1mh+tiWzydfIFGdNBs8/WS78ZPkTdHhnxlg==}
    dev: false

  /typescript/4.6.3:
    resolution: {integrity: sha512-yNIatDa5iaofVozS/uQJEl3JRWLKKGJKh6Yaiv0GLGSuhpFJe7P3SbHZ8/yjAHRQwKRoA6YZqlfjXWmVzoVSMw==}
    engines: {node: '>=4.2.0'}
    hasBin: true
    dev: true

  /typeson-registry/1.0.0-alpha.39:
    resolution: {integrity: sha512-NeGDEquhw+yfwNhguLPcZ9Oj0fzbADiX4R0WxvoY8nGhy98IbzQy1sezjoEFWOywOboj/DWehI+/aUlRVrJnnw==}
    engines: {node: '>=10.0.0'}
    dependencies:
      base64-arraybuffer-es6: 0.7.0
      typeson: 6.1.0
      whatwg-url: 8.7.0
    dev: false

  /typeson/5.18.2:
    resolution: {integrity: sha512-Vetd+OGX05P4qHyHiSLdHZ5Z5GuQDrHHwSdjkqho9NSCYVSLSfRMjklD/unpHH8tXBR9Z/R05rwJSuMpMFrdsw==}
    engines: {node: '>=0.1.14'}
    peerDependencies:
      core-js-bundle: ^3.6.4
      regenerator-runtime: ^0.13.3
    dev: false

  /typeson/6.1.0:
    resolution: {integrity: sha512-6FTtyGr8ldU0pfbvW/eOZrEtEkczHRUtduBnA90Jh9kMPCiFNnXIon3vF41N0S4tV1HHQt4Hk1j4srpESziCaA==}
    engines: {node: '>=0.1.14'}
    dev: false

  /uhyphen/0.1.0:
    resolution: {integrity: sha512-o0QVGuFg24FK765Qdd5kk0zU/U4dEsCtN/GSiwNI9i8xsSVtjIAOdTaVhLwZ1nrbWxFVMxNDDl+9fednsOMsBw==}
    dev: false

  /undici/4.13.0:
    resolution: {integrity: sha512-8lk8S/f2V0VUNGf2scU2b+KI2JSzEQLdCyRNRF3XmHu+5jectlSDaPSBCXAHFaUlt1rzngzOBVDgJS9/Gue/KA==}
    engines: {node: '>=12.18'}

  /urlpattern-polyfill/4.0.3:
    resolution: {integrity: sha512-DOE84vZT2fEcl9gqCUTcnAw5ZY5Id55ikUcziSUntuEFL3pRvavg5kwDmTEUJkeCHInTlV/HexFomgYnzO5kdQ==}
    dev: false

  /uuid-class/0.12.3:
    resolution: {integrity: sha512-3abIxjBzDw9hh7gyf6IiIctCRdYEhJiYp4KldsbLvt4aVQVIQF9xu8pLqBS44QI2qiS3F+MydAqqNqXXe0wKcw==}
    engines: {node: '>=10'}
    dependencies:
      typed-array-utils: 0.2.2
    dev: false

  /uuid-class/0.13.0-alpha.0:
    resolution: {integrity: sha512-RIjnc3V/nTdHp9NU9yaCBpLUF6HaNH+Zm/f6HGLJL/mJlrL6mfrcPIOkM8mktX/6hZlyCQ6OhfLH7YX4GNXfig==}
    dependencies:
      typed-array-utils: 0.2.2
    dev: false

  /web-streams-polyfill/3.2.1:
    resolution: {integrity: sha512-e0MO3wdXWKrLbL0DgGnUV7WHVuw9OUvL4hjgnPkIeEvESk74gAITi5G606JtZPp39cd8HA9VQzCIvA49LpPN5Q==}
    engines: {node: '>= 8'}
    dev: false

  /webidl-conversions/6.1.0:
    resolution: {integrity: sha512-qBIvFLGiBpLjfwmYAaHPXsn+ho5xZnGvyGvsarywGNc8VyQJUMHJ8OBKGGrPER0okBeMDaan4mNBlgBROxuI8w==}
    engines: {node: '>=10.4'}
    dev: false

  /whatwg-stream-to-async-iter/0.4.3:
    resolution: {integrity: sha512-ny/kybzAItug2ROJXudRXkWnWE5pUjiab4Dm+Dn/pjHT+O9OmuZm9BnGu7hvqlCvBtW5lCYB0DnFEI3tmQj/9Q==}
    dependencies:
      tslib: 2.4.0
    dev: false

  /whatwg-stream-to-async-iter/0.5.0:
    resolution: {integrity: sha512-WE30JxHlYI5Pft7XVdU/RcLz1NfjGPN0WbE6Dk1nafGb0tYKwJKdfaQwgpSf3IIv6OCItYDrZ2M9MzoDBvIAFw==}
    dependencies:
      tslib: 2.4.0
    dev: false

  /whatwg-url/8.7.0:
    resolution: {integrity: sha512-gAojqb/m9Q8a5IV96E3fHJM70AzCkgt4uXYX2O7EmuyOnLrViCQlsEBmF9UQIu3/aeAIp2U17rtbpZWNntQqdg==}
    engines: {node: '>=10'}
    dependencies:
      lodash: 4.17.21
      tr46: 2.1.0
      webidl-conversions: 6.1.0
    dev: false

  /ws/8.5.0:
    resolution: {integrity: sha512-BWX0SWVgLPzYwF8lTzEy1egjhS4S4OEAHfsO8o65WOVsrnSRGaSiUaa9e0ggGlkMTtBlmOpEXiie9RUcBO86qg==}
    engines: {node: '>=10.0.0'}
    peerDependencies:
      bufferutil: ^4.0.1
      utf-8-validate: ^5.0.2
    peerDependenciesMeta:
      bufferutil:
        optional: true
      utf-8-validate:
        optional: true
    dev: true

  /youch/2.2.2:
    resolution: {integrity: sha512-/FaCeG3GkuJwaMR34GHVg0l8jCbafZLHiFowSjqLlqhC6OMyf2tPJBu8UirF7/NI9X/R5ai4QfEKUCOxMAGxZQ==}
    dependencies:
      '@types/stack-trace': 0.0.29
      cookie: 0.4.2
      mustache: 4.2.0
      stack-trace: 0.0.10
    dev: true

  github.com/qwtel/blockies/e4dfe44e09b7b24f0647392b73409354680114f6:
    resolution: {tarball: https://codeload.github.com/qwtel/blockies/tar.gz/e4dfe44e09b7b24f0647392b73409354680114f6}
    name: '@download/blockies'
    version: 1.0.3
    dev: false
